
Microsoft Visual Studio Solution File, Format Version 12.00
# Visual Studio Version 16
VisualStudioVersion = 16.0.31112.23
MinimumVisualStudioVersion = 10.0.40219.1
Project("{FAE04EC0-301F-11D3-BF4B-00C04F79EFBC}") = "Tarea2", "Tarea2.csproj", "{1A80CBD0-B18C-46CE-8C04-A125161D15CD}"
EndProject
Global
	GlobalSection(SolutionConfigurationPlatforms) = preSolution
		Debug|Any CPU = Debug|Any CPU
		Release|Any CPU = Release|Any CPU
	EndGlobalSection
	GlobalSection(ProjectConfigurationPlatforms) = postSolution
		{1A80CBD0-B18C-46CE-8C04-A125161D15CD}.Debug|Any CPU.ActiveCfg = Debug|Any CPU
		{1A80CBD0-B18C-46CE-8C04-A125161D15CD}.Debug|Any CPU.Build.0 = Debug|Any CPU
		{1A80CBD0-B18C-46CE-8C04-A125161D15CD}.Release|Any CPU.ActiveCfg = Release|Any CPU
		{1A80CBD0-B18C-46CE-8C04-A125161D15CD}.Release|Any CPU.Build.0 = Release|Any CPU
	EndGlobalSection
	GlobalSection(SolutionProperties) = preSolution
		HideSolutionNode = FALSE
	EndGlobalSection
	GlobalSection(ExtensibilityGlobals) = postSolution
		SolutionGuid = {B48687BD-69D3-4F00-9186-4D1C6EA011BD}
	EndGlobalSection
EndGlobal
